
Microsoft Visual Studio Solution File, Format Version 12.00
# Visual Studio Version 17
VisualStudioVersion = 17.8.34330.188
MinimumVisualStudioVersion = 10.0.40219.1
Project("{2150E333-8FDC-42A3-9474-1A3956D46DE8}") = "WebAPI", "WebAPI", "{948D8CBA-F3FF-4B4E-BB47-F468AB126620}"
EndProject
Project("{2150E333-8FDC-42A3-9474-1A3956D46DE8}") = "Insfrastucture", "Insfrastucture", "{A9FE7801-E73C-437B-B72C-54B8488FA1B2}"
EndProject
Project("{2150E333-8FDC-42A3-9474-1A3956D46DE8}") = "Core", "Core", "{55094DDE-0D8E-4F3C-BA0E-4D63677542EE}"
EndProject
Project("{FAE04EC0-301F-11D3-BF4B-00C04F79EFBC}") = "Northwind.WebAPI", "Northwind.WebAPI\Northwind.WebAPI.csproj", "{3B36FE20-5E45-43AF-9E45-E2F8EC669536}"
EndProject
Project("{FAE04EC0-301F-11D3-BF4B-00C04F79EFBC}") = "Northwind.Persistence", "Northwind.Persistence\Northwind.Persistence.csproj", "{EC3D1FB3-E4DE-45AD-92D3-2F096A5601CB}"
EndProject
Project("{FAE04EC0-301F-11D3-BF4B-00C04F79EFBC}") = "Northwind.Domain", "Northwind.Domain\Northwind.Domain.csproj", "{D97E82EA-DE73-44A0-89BC-9ED1343EBBF7}"
EndProject
Global
	GlobalSection(SolutionConfigurationPlatforms) = preSolution
		Debug|Any CPU = Debug|Any CPU
		Release|Any CPU = Release|Any CPU
	EndGlobalSection
	GlobalSection(ProjectConfigurationPlatforms) = postSolution
		{3B36FE20-5E45-43AF-9E45-E2F8EC669536}.Debug|Any CPU.ActiveCfg = Debug|Any CPU
		{3B36FE20-5E45-43AF-9E45-E2F8EC669536}.Debug|Any CPU.Build.0 = Debug|Any CPU
		{3B36FE20-5E45-43AF-9E45-E2F8EC669536}.Release|Any CPU.ActiveCfg = Release|Any CPU
		{3B36FE20-5E45-43AF-9E45-E2F8EC669536}.Release|Any CPU.Build.0 = Release|Any CPU
		{EC3D1FB3-E4DE-45AD-92D3-2F096A5601CB}.Debug|Any CPU.ActiveCfg = Debug|Any CPU
		{EC3D1FB3-E4DE-45AD-92D3-2F096A5601CB}.Debug|Any CPU.Build.0 = Debug|Any CPU
		{EC3D1FB3-E4DE-45AD-92D3-2F096A5601CB}.Release|Any CPU.ActiveCfg = Release|Any CPU
		{EC3D1FB3-E4DE-45AD-92D3-2F096A5601CB}.Release|Any CPU.Build.0 = Release|Any CPU
		{D97E82EA-DE73-44A0-89BC-9ED1343EBBF7}.Debug|Any CPU.ActiveCfg = Debug|Any CPU
		{D97E82EA-DE73-44A0-89BC-9ED1343EBBF7}.Debug|Any CPU.Build.0 = Debug|Any CPU
		{D97E82EA-DE73-44A0-89BC-9ED1343EBBF7}.Release|Any CPU.ActiveCfg = Release|Any CPU
		{D97E82EA-DE73-44A0-89BC-9ED1343EBBF7}.Release|Any CPU.Build.0 = Release|Any CPU
	EndGlobalSection
	GlobalSection(SolutionProperties) = preSolution
		HideSolutionNode = FALSE
	EndGlobalSection
	GlobalSection(NestedProjects) = preSolution
		{3B36FE20-5E45-43AF-9E45-E2F8EC669536} = {948D8CBA-F3FF-4B4E-BB47-F468AB126620}
		{EC3D1FB3-E4DE-45AD-92D3-2F096A5601CB} = {A9FE7801-E73C-437B-B72C-54B8488FA1B2}
		{D97E82EA-DE73-44A0-89BC-9ED1343EBBF7} = {55094DDE-0D8E-4F3C-BA0E-4D63677542EE}
	EndGlobalSection
	GlobalSection(ExtensibilityGlobals) = postSolution
		SolutionGuid = {6676A8EB-33F9-47A2-84BC-FA12B92EADC1}
	EndGlobalSection
EndGlobal
